github.com/RaveNoX/go-jsoncommentstrip v1.0.0/go.mod h1:78ihd09MekBnJnxpICcwzCMzGrKSKYe4AqU6PDYYpjk=
github.com/apapsch/go-jsonmerge/v2 v2.0.0 h1:axGnT1gRIfimI7gJifB699GoE/oq+F2MU7Dml6nw9rQ=
github.com/apapsch/go-jsonmerge/v2 v2.0.0/go.mod h1:lvDnEdqiQrp0O42VQGgmlKpxL1AP2+08jFMw88y4klk=
github.com/bmatcuk/doublestar v1.1.1/go.mod h1:UD6OnuiIn0yFxxA2le/rnRU1G4RaI4UvFv1sNto9p6w=
github.com/davecgh/go-spew v1.1.0/go.mod h1:J7Y8YcW2NihsgmVo/mv3lAwl/skON4iLHjSsI+c5H38=
github.com/davecgh/go-spew v1.1.2-0.20180830191138-d8f796af33cc h1:U9qPSI2PIWSS1VwoXQT9A3Wy9MM3WgvqSxFWenqJduM=
github.com/davecgh/go-spew v1.1.2-0.20180830191138-d8f796af33cc/go.mod h1:J7Y8YcW2NihsgmVo/mv3lAwl/skON4iLHjSsI+c5H38=
github.com/fatih/color v1.19.0 h1:Zp3PiM21/9Ld6FzSKyL5c/BULoe/ONr9KlbYVOfG8+w=
github.com/fatih/color v1.19.0/go.mod h1:zNk67I0ZUT1bEGsSGyCZYZNrHuTkJJB+r6Q9VuMi0LE=
github.com/google/uuid v1.6.0 h1:NIvaJDMOsjHA8n1jAhLSgzrAzy1Hgr+hNrb57e+94F0=
github.com/google/uuid v1.6.0/go.mod h1:TIyPZe4MgqvfeYDBFedMoGGpEw/LqOeaOT+nhxU+yHo=
github.com/influxdata/influxdb-client-go/v2 v2.14.0 h1:AjbBfJuq+QoaXNcrova8smSjwJdUHnwvfjMF71M1iI4=
github.com/influxdata/influxdb-client-go/v2 v2.14.0/go.mod h1:Ahpm3QXKMJslpXl3IftVLVezreAUtBOTZssDrjZEFHI=
github.com/influxdata/line-protocol v0.0.0-20200327222509-2487e7298839 h1:W9WBk7wlPfJLvMCdtV4zPulc4uCPrlywQOmbFOhgQNU=
github.com/influxdata/line-protocol v0.0.0-20200327222509-2487e7298839/go.mod h1:xaLFMmpvUxqXtVkUJfg9QmT88cDaCJ3ZKgdZ78oO8Qo=
github.com/juju/gnuflag v0.0.0-20171113085948-2ce1bb71843d/go.mod h1:2PavIy+JPciBPrBUjwbNvtwB6RQlve+hkpll6QSNmOE=
github.com/mattn/go-colorable v0.1.14 h1:9A9LHSqF/7dyVVX6g0U9cwm9pG3kP9gSzcuIPHPsaIE=
github.com/mattn/go-colorable v0.1.14/go.mod h1:6LmQG8QLFO4G5z1gPvYEzlUgJ2wF+stgPZH1UqBm1s8=
github.com/mattn/go-isatty v0.0.20 h1:xfD0iDuEKnDkl03q4limB+vH+GxLEtL/jb4xVJSWWEY=
github.com/mattn/go-isatty v0.0.20/go.mod h1:W+V8PltTTMOvKvAeJH7IuucS94S2C6jfK/D7dTCTo3Y=
github.com/oapi-codegen/runtime v1.0.0 h1:P4rqFX5fMFWqRzY9M/3YF9+aPSPPB06IzP2P7oOxrWo=
github.com/oapi-codegen/runtime v1.0.0/go.mod h1:LmCUMQuPB4M/nLXilQXhHw+BLZdDb18B34OO356yJ/A=
github.com/pmezard/go-difflib v1.0.0/go.mod h1:iKH77koFhYxTK1pcRnkKkqfTogsbg7gZNVY4sRDYZ/4=
github.com/pmezard/go-difflib v1.0.1-0.20181226105442-5d4384ee4fb2 h1:Jamvg5psRIccs7FGNTlIRMkT8wgtp5eCXdBlqhYGL6U=
github.com/pmezard/go-difflib v1.0.1-0.20181226105442-5d4384ee4fb2/go.mod h1:iKH77koFhYxTK1pcRnkKkqfTogsbg7gZNVY4sRDYZ/4=
github.com/spkg/bom v0.0.0-20160624110644-59b7046e48ad/go.mod h1:qLr4V1qq6nMqFKkMo8ZTx3f+BZEkzsRUY10Xsm2mwU0=
github.com/stretchr/objx v0.1.0/go.mod h1:HFkY916IF+rwdDfMAkV7OtwuqBVzrE8GR6GFx+wExME=
github.com/stretchr/testify v1.3.0/go.mod h1:M5WIy9Dh21IEIfnGCwXGc5bZfKNJtfHm1UVUgZn+9EI=
github.com/stretchr/testify v1.11.1 h1:7s2iGBzp5EwR7/aIZr8ao5+dra3wiQyKjjFuvgVKu7U=
github.com/stretchr/testify v1.11.1/go.mod h1:wZwfW3scLgRK+23gO65QZefKpKQRnfz6sD981Nm4B6U=
github.com/urfave/cli/v3 v3.8.0 h1:XqKPrm0q4P0q5JpoclYoCAv0/MIvH/jZ2umzuf8pNTI=
github.com/urfave/cli/v3 v3.8.0/go.mod h1:ysVLtOEmg2tOy6PknnYVhDoouyC/6N42TMeoMzskhso=
golang.org/x/net v0.52.0 h1:He/TN1l0e4mmR3QqHMT2Xab3Aj3L9qjbhRm78/6jrW0=
golang.org/x/net v0.52.0/go.mod h1:R1MAz7uMZxVMualyPXb+VaqGSa3LIaUqk0eEt3w36Sw=
golang.org/x/sync v0.20.0 h1:e0PTpb7pjO8GAtTs2dQ6jYa5BWYlMuX047Dco/pItO4=
golang.org/x/sync v0.20.0/go.mod h1:9xrNwdLfx4jkKbNva9FpL6vEN7evnE43NNNJQ2LF3+0=
golang.org/x/sys v0.6.0/go.mod h1:oPkhp1MJrh7nUepCBck5+mAzfO9JrbApNNgaTdGDITg=
golang.org/x/sys v0.42.0 h1:omrd2nAlyT5ESRdCLYdm3+fMfNFE/+Rf4bDIQImRJeo=
golang.org/x/sys v0.42.0/go.mod h1:4GL1E5IUh+htKOUEOaiffhrAeqysfVGipDYzABqnCmw=
gopkg.in/yaml.v3 v3.0.1 h1:fxVm/GzAzEWqLHuvctI91KS9hhNmmWOoWu0XTYJS7CA=
gopkg.in/yaml.v3 v3.0.1/go.mod h1:K4uyk7z7BCEPqu6E+C64Yfv1cQ7kz7rIZviUmN+EgEM=
